
Microsoft Visual Studio Solution File, Format Version 12.00
# Visual Studio 15
VisualStudioVersion = 15.0.28307.852
MinimumVisualStudioVersion = 10.0.40219.1
Project("{FAE04EC0-301F-11D3-BF4B-00C04F79EFBC}") = "Staging_Area", "Staging_Area\Staging_Area.csproj", "{614C58EF-F52A-4451-BE36-61E2DB30967D}"
EndProject
Global
	GlobalSection(SolutionConfigurationPlatforms) = preSolution
		Debug|Any CPU = Debug|Any CPU
		Release|Any CPU = Release|Any CPU
	EndGlobalSection
	GlobalSection(ProjectConfigurationPlatforms) = postSolution
		{614C58EF-F52A-4451-BE36-61E2DB30967D}.Debug|Any CPU.ActiveCfg = Debug|Any CPU
		{614C58EF-F52A-4451-BE36-61E2DB30967D}.Debug|Any CPU.Build.0 = Debug|Any CPU
		{614C58EF-F52A-4451-BE36-61E2DB30967D}.Release|Any CPU.ActiveCfg = Release|Any CPU
		{614C58EF-F52A-4451-BE36-61E2DB30967D}.Release|Any CPU.Build.0 = Release|Any CPU
	EndGlobalSection
	GlobalSection(SolutionProperties) = preSolution
		HideSolutionNode = FALSE
	EndGlobalSection
	GlobalSection(ExtensibilityGlobals) = postSolution
		SolutionGuid = {3D45EE25-4CAA-4047-9407-9B928D0A4C7F}
	EndGlobalSection
EndGlobal
